
Microsoft Visual Studio Solution File, Format Version 12.00
# Visual Studio Version 17
VisualStudioVersion = 17.8.34511.84
MinimumVisualStudioVersion = 10.0.40219.1
Project("{FAE04EC0-301F-11D3-BF4B-00C04F79EFBC}") = "Calculos", "Calculos.csproj", "{D5A10BAD-6FDF-43F9-A55D-E37CC97517B8}"
EndProject
Project("{FAE04EC0-301F-11D3-BF4B-00C04F79EFBC}") = "Calculos.Teste", "..\Calculos.Teste\Calculos.Teste.csproj", "{8A1C666D-AC2A-4F43-9B8D-95EBD98B22E4}"
EndProject
Global
	GlobalSection(SolutionConfigurationPlatforms) = preSolution
		Debug|Any CPU = Debug|Any CPU
		Release|Any CPU = Release|Any CPU
	EndGlobalSection
	GlobalSection(ProjectConfigurationPlatforms) = postSolution
		{D5A10BAD-6FDF-43F9-A55D-E37CC97517B8}.Debug|Any CPU.ActiveCfg = Debug|Any CPU
		{D5A10BAD-6FDF-43F9-A55D-E37CC97517B8}.Debug|Any CPU.Build.0 = Debug|Any CPU
		{D5A10BAD-6FDF-43F9-A55D-E37CC97517B8}.Release|Any CPU.ActiveCfg = Release|Any CPU
		{D5A10BAD-6FDF-43F9-A55D-E37CC97517B8}.Release|Any CPU.Build.0 = Release|Any CPU
		{8A1C666D-AC2A-4F43-9B8D-95EBD98B22E4}.Debug|Any CPU.ActiveCfg = Debug|Any CPU
		{8A1C666D-AC2A-4F43-9B8D-95EBD98B22E4}.Debug|Any CPU.Build.0 = Debug|Any CPU
		{8A1C666D-AC2A-4F43-9B8D-95EBD98B22E4}.Release|Any CPU.ActiveCfg = Release|Any CPU
		{8A1C666D-AC2A-4F43-9B8D-95EBD98B22E4}.Release|Any CPU.Build.0 = Release|Any CPU
	EndGlobalSection
	GlobalSection(SolutionProperties) = preSolution
		HideSolutionNode = FALSE
	EndGlobalSection
	GlobalSection(ExtensibilityGlobals) = postSolution
		SolutionGuid = {31CD2CBC-3F61-40C8-B201-0E8682629E42}
	EndGlobalSection
EndGlobal
